// !$*UTF8*$!
{
	archiveVersion = 1;
	classes = {
	};
	objectVersion = 55;
	objects = {

/* Begin PBXBuildFile section */
		39C05E2627BC9CCC005BB510 /* AppDelegate.swift in Sources */ = {isa = PBXBuildFile; fileRef = 39C05E2527BC9CCC005BB510 /* AppDelegate.swift */; };
		39C05E2827BC9CCC005BB510 /* SceneDelegate.swift in Sources */ = {isa = PBXBuildFile; fileRef = 39C05E2727BC9CCC005BB510 /* SceneDelegate.swift */; };
		39C05E2A27BC9CCC005BB510 /* ViewController.swift in Sources */ = {isa = PBXBuildFile; fileRef = 39C05E2927BC9CCC005BB510 /* ViewController.swift */; };
		39C05E2D27BC9CCC005BB510 /* Main.storyboard in Resources */ = {isa = PBXBuildFile; fileRef = 39C05E2B27BC9CCC005BB510 /* Main.storyboard */; };
		39C05E2F27BC9CCC005BB510 /* Assets.xcassets in Resources */ = {isa = PBXBuildFile; fileRef = 39C05E2E27BC9CCC005BB510 /* Assets.xcassets */; };
		39C05E3227BC9CCC005BB510 /* LaunchScreen.storyboard in Resources */ = {isa = PBXBuildFile; fileRef = 39C05E3027BC9CCC005BB510 /* LaunchScreen.storyboard */; };
		39C05E3B27BC9E0D005BB510 /* TableViewCell.swift in Sources */ = {isa = PBXBuildFile; fileRef = 39C05E3927BC9E0D005BB510 /* TableViewCell.swift */; };
		39C05E3C27BC9E0D005BB510 /* TableViewCell.xib in Resources */ = {isa = PBXBuildFile; fileRef = 39C05E3A27BC9E0D005BB510 /* TableViewCell.xib */; };
/* End PBXBuildFile section */

/* Begin PBXFileReference section */
		39C05E2227BC9CCC005BB510 /* Asignment3-2.app */ = {isa = PBXFileReference; explicitFileType = wrapper.application; includeInIndex = 0; path = "Asignment3-2.app"; sourceTree = BUILT_PRODUCTS_DIR; };
		39C05E2527BC9CCC005BB510 /* AppDelegate.swift */ = {isa = PBXFileReference; lastKnownFileType = sourcecode.swift; path = AppDelegate.swift; sourceTree = "<group>"; };
		39C05E2727BC9CCC005BB510 /* SceneDelegate.swift */ = {isa = PBXFileReference; lastKnownFileType = sourcecode.swift; path = SceneDelegate.swift; sourceTree = "<group>"; };
		39C05E2927BC9CCC005BB510 /* ViewController.swift */ = {isa = PBXFileReference; lastKnownFileType = sourcecode.swift; path = ViewController.swift; sourceTree = "<group>"; };
		39C05E2C27BC9CCC005BB510 /* Base */ = {isa = PBXFileReference; lastKnownFileType = file.storyboard; name = Base; path = Base.lproj/Main.storyboard; sourceTree = "<group>"; };
		39C05E2E27BC9CCC005BB510 /* Assets.xcassets */ = {isa = PBXFileReference; lastKnownFileType = folder.assetcatalog; path = Assets.xcassets; sourceTree = "<group>"; };
		39C05E3127BC9CCC005BB510 /* Base */ = {isa = PBXFileReference; lastKnownFileType = file.storyboard; name = Base; path = Base.lproj/LaunchScreen.storyboard; sourceTree = "<group>"; };
		39C05E3327BC9CCC005BB510 /* Info.plist */ = {isa = PBXFileReference; lastKnownFileType = text.plist.xml; path = Info.plist; sourceTree = "<group>"; };
		39C05E3927BC9E0D005BB510 /* TableViewCell.swift */ = {isa = PBXFileReference; lastKnownFileType = sourcecode.swift; path = TableViewCell.swift; sourceTree = "<group>"; };
		39C05E3A27BC9E0D005BB510 /* TableViewCell.xib */ = {isa = PBXFileReference; lastKnownFileType = file.xib; path = TableViewCell.xib; sourceTree = "<group>"; };
/* End PBXFileReference section */

/* Begin PBXFrameworksBuildPhase section */
		39C05E1F27BC9CCC005BB510 /* Frameworks */ = {
			isa = PBXFrameworksBuildPhase;
			buildActionMask = 2147483647;
			files = (
			);
			runOnlyForDeploymentPostprocessing = 0;
		};
/* End PBXFrameworksBuildPhase section */

/* Begin PBXGroup section */
		39C05E1927BC9CCC005BB510 = {
			isa = PBXGroup;
			children = (
				39C05E2427BC9CCC005BB510 /* Asignment3-2 */,
				39C05E2327BC9CCC005BB510 /* Products */,
			);
			sourceTree = "<group>";
		};
		39C05E2327BC9CCC005BB510 /* Products */ = {
			isa = PBXGroup;
			children = (
				39C05E2227BC9CCC005BB510 /* Asignment3-2.app */,
			);
			name = Products;
			sourceTree = "<group>";
		};
		39C05E2427BC9CCC005BB510 /* Asignment3-2 */ = {
			isa = PBXGroup;
			children = (
				39C05E2527BC9CCC005BB510 /* AppDelegate.swift */,
				39C05E2727BC9CCC005BB510 /* SceneDelegate.swift */,
				39C05E2927BC9CCC005BB510 /* ViewController.swift */,
				39C05E2B27BC9CCC005BB510 /* Main.storyboard */,
				39C05E2E27BC9CCC005BB510 /* Assets.xcassets */,
				39C05E3027BC9CCC005BB510 /* LaunchScreen.storyboard */,
				39C05E3327BC9CCC005BB510 /* Info.plist */,
				39C05E3927BC9E0D005BB510 /* TableViewCell.swift */,
				39C05E3A27BC9E0D005BB510 /* TableViewCell.xib */,
			);
			path = "Asignment3-2";
			sourceTree = "<group>";
		};
/* End PBXGroup section */

/* Begin PBXNativeTarget section */
		39C05E2127BC9CCC005BB510 /* Asignment3-2 */ = {
			isa = PBXNativeTarget;
			buildConfigurationList = 39C05E3627BC9CCC005BB510 /* Build configuration list for PBXNativeTarget "Asignment3-2" */;
			buildPhases = (
				39C05E1E27BC9CCC005BB510 /* Sources */,
				39C05E1F27BC9CCC005BB510 /* Frameworks */,
				39C05E2027BC9CCC005BB510 /* Resources */,
			);
			buildRules = (
			);
			dependencies = (
			);
			name = "Asignment3-2";
			productName = Asignment3-2;
			productReference = 39C05E2227BC9CCC005BB510 /* Asignment3-2.app */;
			productType = "com.apple.product-type.application";
		};
/* End PBXNativeTarget section */

/* Begin PBXProject section */
		39C05E1A27BC9CCC005BB510 /* Project object */ = {
			isa = PBXProject;
			attributes = {
				BuildIndependentTargetsInParallel = 1;
				LastSwiftUpdateCheck = 1320;
				LastUpgradeCheck = 1320;
				TargetAttributes = {
					39C05E2127BC9CCC005BB510 = {
						CreatedOnToolsVersion = 13.2.1;
					};
				};
			};
			buildConfigurationList = 39C05E1D27BC9CCC005BB510 /* Build configuration list for PBXProject "Asignment3-2" */;
			compatibilityVersion = "Xcode 13.0";
			developmentRegion = en;
			hasScannedForEncodings = 0;
			knownRegions = (
				en,
				Base,
			);
			mainGroup = 39C05E1927BC9CCC005BB510;
			productRefGroup = 39C05E2327BC9CCC005BB510 /* Products */;
			projectDirPath = "";
			projectRoot = "";
			targets = (
				39C05E2127BC9CCC005BB510 /* Asignment3-2 */,
			);
		};
/* End PBXProject section */

/* Begin PBXResourcesBuildPhase section */
		39C05E2027BC9CCC005BB510 /* Resources */ = {
			isa = PBXResourcesBuildPhase;
			buildActionMask = 2147483647;
			files = (
				39C05E3227BC9CCC005BB510 /* LaunchScreen.storyboard in Resources */,
				39C05E3C27BC9E0D005BB510 /* TableViewCell.xib in Resources */,
				39C05E2F27BC9CCC005BB510 /* Assets.xcassets in Resources */,
				39C05E2D27BC9CCC005BB510 /* Main.storyboard in Resources */,
			);
			runOnlyForDeploymentPostprocessing = 0;
		};
/* End PBXResourcesBuildPhase section */

/* Begin PBXSourcesBuildPhase section */
		39C05E1E27BC9CCC005BB510 /* Sources */ = {
			isa = PBXSourcesBuildPhase;
			buildActionMask = 2147483647;
			files = (
				39C05E2A27BC9CCC005BB510 /* ViewController.swift in Sources */,
				39C05E3B27BC9E0D005BB510 /* TableViewCell.swift in Sources */,
				39C05E2627BC9CCC005BB510 /* AppDelegate.swift in Sources */,
				39C05E2827BC9CCC005BB510 /* SceneDelegate.swift in Sources */,
			);
			runOnlyForDeploymentPostprocessing = 0;
		};
/* End PBXSourcesBuildPhase section */

/* Begin PBXVariantGroup section */
		39C05E2B27BC9CCC005BB510 /* Main.storyboard */ = {
			isa = PBXVariantGroup;
			children = (
				39C05E2C27BC9CCC005BB510 /* Base */,
			);
			name = Main.storyboard;
			sourceTree = "<group>";
		};
		39C05E3027BC9CCC005BB510 /* LaunchScreen.storyboard */ = {
			isa = PBXVariantGroup;
			children = (
				39C05E3127BC9CCC005BB510 /* Base */,
			);
			name = LaunchScreen.storyboard;
			sourceTree = "<group>";
		};
/* End PBXVariantGroup section */

/* Begin XCBuildConfiguration section */
		39C05E3427BC9CCC005BB510 /* Debug */ = {
			isa = XCBuildConfiguration;
			buildSettings = {
				ALWAYS_SEARCH_USER_PATHS = NO;
				CLANG_ANALYZER_NONNULL = YES;
				CLANG_ANALYZER_NUMBER_OBJECT_CONVERSION = YES_AGGRESSIVE;
				CLANG_CXX_LANGUAGE_STANDARD = "gnu++17";
				CLANG_CXX_LIBRARY = "libc++";
				CLANG_ENABLE_MODULES = YES;
				CLANG_ENABLE_OBJC_ARC = YES;
				CLANG_ENABLE_OBJC_WEAK = YES;
				CLANG_WARN_BLOCK_CAPTURE_AUTORELEASING = YES;
				CLANG_WARN_BOOL_CONVERSION = YES;
				CLANG_WARN_COMMA = YES;
				CLANG_WARN_CONSTANT_CONVERSION = YES;
				CLANG_WARN_DEPRECATED_OBJC_IMPLEMENTATIONS = YES;
				CLANG_WARN_DIRECT_OBJC_ISA_USAGE = YES_ERROR;
				CLANG_WARN_DOCUMENTATION_COMMENTS = YES;
				CLANG_WARN_EMPTY_BODY = YES;
				CLANG_WARN_ENUM_CONVERSION = YES;
				CLANG_WARN_INFINITE_RECURSION = YES;
				CLANG_WARN_INT_CONVERSION = YES;
				CLANG_WARN_NON_LITERAL_NULL_CONVERSION = YES;
				CLANG_WARN_OBJC_IMPLICIT_RETAIN_SELF = YES;
				CLANG_WARN_OBJC_LITERAL_CONVERSION = YES;
				CLANG_WARN_OBJC_ROOT_CLASS = YES_ERROR;
				CLANG_WARN_QUOTED_INCLUDE_IN_FRAMEWORK_HEADER = YES;
				CLANG_WARN_RANGE_LOOP_ANALYSIS = YES;
				CLANG_WARN_STRICT_PROTOTYPES = YES;
				CLANG_WARN_SUSPICIOUS_MOVE = YES;
				CLANG_WARN_UNGUARDED_AVAILABILITY = YES_AGGRESSIVE;
				CLANG_WARN_UNREACHABLE_CODE = YES;
				CLANG_WARN__DUPLICATE_METHOD_MATCH = YES;
				COPY_PHASE_STRIP = NO;
				DEBUG_INFORMATION_FORMAT = dwarf;
				ENABLE_STRICT_OBJC_MSGSEND = YES;
				ENABLE_TESTABILITY = YES;
				GCC_C_LANGUAGE_STANDARD = gnu11;
				GCC_DYNAMIC_NO_PIC = NO;
				GCC_NO_COMMON_BLOCKS = YES;
				GCC_OPTIMIZATION_LEVEL = 0;
				GCC_PREPROCESSOR_DEFINITIONS = (
					"DEBUG=1",
					"$(inherited)",
				);
				GCC_WARN_64_TO_32_BIT_CONVERSION = YES;
				GCC_WARN_ABOUT_RETURN_TYPE = YES_ERROR;
				GCC_WARN_UNDECLARED_SELECTOR = YES;
				GCC_WARN_UNINITIALIZED_AUTOS = YES_AGGRESSIVE;
				GCC_WARN_UNUSED_FUNCTION = YES;
				GCC_WARN_UNUSED_VARIABLE = YES;
				IPHONEOS_DEPLOYMENT_TARGET = 15.2;
				MTL_ENABLE_DEBUG_INFO = INCLUDE_SOURCE;
				MTL_FAST_MATH = YES;
				ONLY_ACTIVE_ARCH = YES;
				SDKROOT = iphoneos;
				SWIFT_ACTIVE_COMPILATION_CONDITIONS = DEBUG;
				SWIFT_OPTIMIZATION_LEVEL = "-Onone";
			};
			name = Debug;
		};
		39C05E3527BC9CCC005BB510 /* Release */ = {
			isa = XCBuildConfiguration;
			buildSettings = {
				ALWAYS_SEARCH_USER_PATHS = NO;
				CLANG_ANALYZER_NONNULL = YES;
				CLANG_ANALYZER_NUMBER_OBJECT_CONVERSION = YES_AGGRESSIVE;
				CLANG_CXX_LANGUAGE_STANDARD = "gnu++17";
				CLANG_CXX_LIBRARY = "libc++";
				CLANG_ENABLE_MODULES = YES;
				CLANG_ENABLE_OBJC_ARC = YES;
				CLANG_ENABLE_OBJC_WEAK = YES;
				CLANG_WARN_BLOCK_CAPTURE_AUTORELEASING = YES;
				CLANG_WARN_BOOL_CONVERSION = YES;
				CLANG_WARN_COMMA = YES;
				CLANG_WARN_CONSTANT_CONVERSION = YES;
				CLANG_WARN_DEPRECATED_OBJC_IMPLEMENTATIONS = YES;
				CLANG_WARN_DIRECT_OBJC_ISA_USAGE = YES_ERROR;
				CLANG_WARN_DOCUMENTATION_COMMENTS = YES;
				CLANG_WARN_EMPTY_BODY = YES;
				CLANG_WARN_ENUM_CONVERSION = YES;
				CLANG_WARN_INFINITE_RECURSION = YES;
				CLANG_WARN_INT_CONVERSION = YES;
				CLANG_WARN_NON_LITERAL_NULL_CONVERSION = YES;
				CLANG_WARN_OBJC_IMPLICIT_RETAIN_SELF = YES;
				CLANG_WARN_OBJC_LITERAL_CONVERSION = YES;
				CLANG_WARN_OBJC_ROOT_CLASS = YES_ERROR;
				CLANG_WARN_QUOTED_INCLUDE_IN_FRAMEWORK_HEADER = YES;
				CLANG_WARN_RANGE_LOOP_ANALYSIS = YES;
				CLANG_WARN_STRICT_PROTOTYPES = YES;
				CLANG_WARN_SUSPICIOUS_MOVE = YES;
				CLANG_WARN_UNGUARDED_AVAILABILITY = YES_AGGRESSIVE;
				CLANG_WARN_UNREACHABLE_CODE = YES;
				CLANG_WARN__DUPLICATE_METHOD_MATCH = YES;
				COPY_PHASE_STRIP = NO;
				DEBUG_INFORMATION_FORMAT = "dwarf-with-dsym";
				ENABLE_NS_ASSERTIONS = NO;
				ENABLE_STRICT_OBJC_MSGSEND = YES;
				GCC_C_LANGUAGE_STANDARD = gnu11;
				GCC_NO_COMMON_BLOCKS = YES;
				GCC_WARN_64_TO_32_BIT_CONVERSION = YES;
				GCC_WARN_ABOUT_RETURN_TYPE = YES_ERROR;
				GCC_WARN_UNDECLARED_SELECTOR = YES;
				GCC_WARN_UNINITIALIZED_AUTOS = YES_AGGRESSIVE;
				GCC_WARN_UNUSED_FUNCTION = YES;
				GCC_WARN_UNUSED_VARIABLE = YES;
				IPHONEOS_DEPLOYMENT_TARGET = 15.2;
				MTL_ENABLE_DEBUG_INFO = NO;
				MTL_FAST_MATH = YES;
				SDKROOT = iphoneos;
				SWIFT_COMPILATION_MODE = wholemodule;
				SWIFT_OPTIMIZATION_LEVEL = "-O";
				VALIDATE_PRODUCT = YES;
			};
			name = Release;
		};
		39C05E3727BC9CCC005BB510 /* Debug */ = {
			isa = XCBuildConfiguration;
			buildSettings = {
				ASSETCATALOG_COMPILER_APPICON_NAME = AppIcon;
				ASSETCATALOG_COMPILER_GLOBAL_ACCENT_COLOR_NAME = AccentColor;
				CODE_SIGN_STYLE = Automatic;
				CURRENT_PROJECT_VERSION = 1;
				DEVELOPMENT_TEAM = 6KL36PA9L3;
				GENERATE_INFOPLIST_FILE = YES;
				INFOPLIST_FILE = "Asignment3-2/Info.plist";
				INFOPLIST_KEY_UIApplicationSupportsIndirectInputEvents = YES;
				INFOPLIST_KEY_UILaunchStoryboardName = LaunchScreen;
				INFOPLIST_KEY_UIMainStoryboardFile = Main;
				INFOPLIST_KEY_UISupportedInterfaceOrientations_iPad = "UIInterfaceOrientationPortrait UIInterfaceOrientationPortraitUpsideDown UIInterfaceOrientationLandscapeLeft UIInterfaceOrientationLandscapeRight";
				INFOPLIST_KEY_UISupportedInterfaceOrientations_iPhone = "UIInterfaceOrientationPortrait UIInterfaceOrientationLandscapeLeft UIInterfaceOrientationLandscapeRight";
				LD_RUNPATH_SEARCH_PATHS = (
					"$(inherited)",
					"@executable_path/Frameworks",
				);
				MARKETING_VERSION = 1.0;
				PRODUCT_BUNDLE_IDENTIFIER = "edu.northeastern.shaolong-feng.Asignment3-2";
				PRODUCT_NAME = "$(TARGET_NAME)";
				SWIFT_EMIT_LOC_STRINGS = YES;
				SWIFT_VERSION = 5.0;
				TARGETED_DEVICE_FAMILY = "1,2";
			};
			name = Debug;
		};
		39C05E3827BC9CCC005BB510 /* Release */ = {
			isa = XCBuildConfiguration;
			buildSettings = {
				ASSETCATALOG_COMPILER_APPICON_NAME = AppIcon;
				ASSETCATALOG_COMPILER_GLOBAL_ACCENT_COLOR_NAME = AccentColor;
				CODE_SIGN_STYLE = Automatic;
				CURRENT_PROJECT_VERSION = 1;
				DEVELOPMENT_TEAM = 6KL36PA9L3;
				GENERATE_INFOPLIST_FILE = YES;
				INFOPLIST_FILE = "Asignment3-2/Info.plist";
				INFOPLIST_KEY_UIApplicationSupportsIndirectInputEvents = YES;
				INFOPLIST_KEY_UILaunchStoryboardName = LaunchScreen;
				INFOPLIST_KEY_UIMainStoryboardFile = Main;
				INFOPLIST_KEY_UISupportedInterfaceOrientations_iPad = "UIInterfaceOrientationPortrait UIInterfaceOrientationPortraitUpsideDown UIInterfaceOrientationLandscapeLeft UIInterfaceOrientationLandscapeRight";
				INFOPLIST_KEY_UISupportedInterfaceOrientations_iPhone = "UIInterfaceOrientationPortrait UIInterfaceOrientationLandscapeLeft UIInterfaceOrientationLandscapeRight";
				LD_RUNPATH_SEARCH_PATHS = (
					"$(inherited)",
					"@executable_path/Frameworks",
				);
				MARKETING_VERSION = 1.0;
				PRODUCT_BUNDLE_IDENTIFIER = "edu.northeastern.shaolong-feng.Asignment3-2";
				PRODUCT_NAME = "$(TARGET_NAME)";
				SWIFT_EMIT_LOC_STRINGS = YES;
				SWIFT_VERSION = 5.0;
				TARGETED_DEVICE_FAMILY = "1,2";
			};
			name = Release;
		};
/* End XCBuildConfiguration section */

/* Begin XCConfigurationList section */
		39C05E1D27BC9CCC005BB510 /* Build configuration list for PBXProject "Asignment3-2" */ = {
			isa = XCConfigurationList;
			buildConfigurations = (
				39C05E3427BC9CCC005BB510 /* Debug */,
				39C05E3527BC9CCC005BB510 /* Release */,
			);
			defaultConfigurationIsVisible = 0;
			defaultConfigurationName = Release;
		};
		39C05E3627BC9CCC005BB510 /* Build configuration list for PBXNativeTarget "Asignment3-2" */ = {
			isa = XCConfigurationList;
			buildConfigurations = (
				39C05E3727BC9CCC005BB510 /* Debug */,
				39C05E3827BC9CCC005BB510 /* Release */,
			);
			defaultConfigurationIsVisible = 0;
			defaultConfigurationName = Release;
		};
/* End XCConfigurationList section */
	};
	rootObject = 39C05E1A27BC9CCC005BB510 /* Project object */;
}
