// !$*UTF8*$!
{
	archiveVersion = 1;
	classes = {
	};
	objectVersion = 55;
	objects = {

/* Begin PBXBuildFile section */
		39ED075627C6E9C0003ED7EE /* AppDelegate.swift in Sources */ = {isa = PBXBuildFile; fileRef = 39ED075527C6E9C0003ED7EE /* AppDelegate.swift */; };
		39ED075827C6E9C0003ED7EE /* SceneDelegate.swift in Sources */ = {isa = PBXBuildFile; fileRef = 39ED075727C6E9C0003ED7EE /* SceneDelegate.swift */; };
		39ED075A27C6E9C0003ED7EE /* ViewController.swift in Sources */ = {isa = PBXBuildFile; fileRef = 39ED075927C6E9C0003ED7EE /* ViewController.swift */; };
		39ED075D27C6E9C0003ED7EE /* Main.storyboard in Resources */ = {isa = PBXBuildFile; fileRef = 39ED075B27C6E9C0003ED7EE /* Main.storyboard */; };
		39ED075F27C6E9C1003ED7EE /* Assets.xcassets in Resources */ = {isa = PBXBuildFile; fileRef = 39ED075E27C6E9C1003ED7EE /* Assets.xcassets */; };
		39ED076227C6E9C1003ED7EE /* LaunchScreen.storyboard in Resources */ = {isa = PBXBuildFile; fileRef = 39ED076027C6E9C1003ED7EE /* LaunchScreen.storyboard */; };
		39ED076A27C6EE5B003ED7EE /* GetNameViewController.swift in Sources */ = {isa = PBXBuildFile; fileRef = 39ED076927C6EE5B003ED7EE /* GetNameViewController.swift */; };
/* End PBXBuildFile section */

/* Begin PBXFileReference section */
		39ED075227C6E9C0003ED7EE /* Week4ProtocolAndDelegate.app */ = {isa = PBXFileReference; explicitFileType = wrapper.application; includeInIndex = 0; path = Week4ProtocolAndDelegate.app; sourceTree = BUILT_PRODUCTS_DIR; };
		39ED075527C6E9C0003ED7EE /* AppDelegate.swift */ = {isa = PBXFileReference; lastKnownFileType = sourcecode.swift; path = AppDelegate.swift; sourceTree = "<group>"; };
		39ED075727C6E9C0003ED7EE /* SceneDelegate.swift */ = {isa = PBXFileReference; lastKnownFileType = sourcecode.swift; path = SceneDelegate.swift; sourceTree = "<group>"; };
		39ED075927C6E9C0003ED7EE /* ViewController.swift */ = {isa = PBXFileReference; lastKnownFileType = sourcecode.swift; path = ViewController.swift; sourceTree = "<group>"; };
		39ED075C27C6E9C0003ED7EE /* Base */ = {isa = PBXFileReference; lastKnownFileType = file.storyboard; name = Base; path = Base.lproj/Main.storyboard; sourceTree = "<group>"; };
		39ED075E27C6E9C1003ED7EE /* Assets.xcassets */ = {isa = PBXFileReference; lastKnownFileType = folder.assetcatalog; path = Assets.xcassets; sourceTree = "<group>"; };
		39ED076127C6E9C1003ED7EE /* Base */ = {isa = PBXFileReference; lastKnownFileType = file.storyboard; name = Base; path = Base.lproj/LaunchScreen.storyboard; sourceTree = "<group>"; };
		39ED076327C6E9C1003ED7EE /* Info.plist */ = {isa = PBXFileReference; lastKnownFileType = text.plist.xml; path = Info.plist; sourceTree = "<group>"; };
		39ED076927C6EE5B003ED7EE /* GetNameViewController.swift */ = {isa = PBXFileReference; lastKnownFileType = sourcecode.swift; path = GetNameViewController.swift; sourceTree = "<group>"; };
/* End PBXFileReference section */

/* Begin PBXFrameworksBuildPhase section */
		39ED074F27C6E9C0003ED7EE /* Frameworks */ = {
			isa = PBXFrameworksBuildPhase;
			buildActionMask = 2147483647;
			files = (
			);
			runOnlyForDeploymentPostprocessing = 0;
		};
/* End PBXFrameworksBuildPhase section */

/* Begin PBXGroup section */
		39ED074927C6E9C0003ED7EE = {
			isa = PBXGroup;
			children = (
				39ED075427C6E9C0003ED7EE /* Week4ProtocolAndDelegate */,
				39ED075327C6E9C0003ED7EE /* Products */,
			);
			sourceTree = "<group>";
		};
		39ED075327C6E9C0003ED7EE /* Products */ = {
			isa = PBXGroup;
			children = (
				39ED075227C6E9C0003ED7EE /* Week4ProtocolAndDelegate.app */,
			);
			name = Products;
			sourceTree = "<group>";
		};
		39ED075427C6E9C0003ED7EE /* Week4ProtocolAndDelegate */ = {
			isa = PBXGroup;
			children = (
				39ED075527C6E9C0003ED7EE /* AppDelegate.swift */,
				39ED075727C6E9C0003ED7EE /* SceneDelegate.swift */,
				39ED075927C6E9C0003ED7EE /* ViewController.swift */,
				39ED075B27C6E9C0003ED7EE /* Main.storyboard */,
				39ED075E27C6E9C1003ED7EE /* Assets.xcassets */,
				39ED076027C6E9C1003ED7EE /* LaunchScreen.storyboard */,
				39ED076327C6E9C1003ED7EE /* Info.plist */,
				39ED076927C6EE5B003ED7EE /* GetNameViewController.swift */,
			);
			path = Week4ProtocolAndDelegate;
			sourceTree = "<group>";
		};
/* End PBXGroup section */

/* Begin PBXNativeTarget section */
		39ED075127C6E9C0003ED7EE /* Week4ProtocolAndDelegate */ = {
			isa = PBXNativeTarget;
			buildConfigurationList = 39ED076627C6E9C1003ED7EE /* Build configuration list for PBXNativeTarget "Week4ProtocolAndDelegate" */;
			buildPhases = (
				39ED074E27C6E9C0003ED7EE /* Sources */,
				39ED074F27C6E9C0003ED7EE /* Frameworks */,
				39ED075027C6E9C0003ED7EE /* Resources */,
			);
			buildRules = (
			);
			dependencies = (
			);
			name = Week4ProtocolAndDelegate;
			productName = Week4ProtocolAndDelegate;
			productReference = 39ED075227C6E9C0003ED7EE /* Week4ProtocolAndDelegate.app */;
			productType = "com.apple.product-type.application";
		};
/* End PBXNativeTarget section */

/* Begin PBXProject section */
		39ED074A27C6E9C0003ED7EE /* Project object */ = {
			isa = PBXProject;
			attributes = {
				BuildIndependentTargetsInParallel = 1;
				LastSwiftUpdateCheck = 1320;
				LastUpgradeCheck = 1320;
				TargetAttributes = {
					39ED075127C6E9C0003ED7EE = {
						CreatedOnToolsVersion = 13.2.1;
					};
				};
			};
			buildConfigurationList = 39ED074D27C6E9C0003ED7EE /* Build configuration list for PBXProject "Week4ProtocolAndDelegate" */;
			compatibilityVersion = "Xcode 13.0";
			developmentRegion = en;
			hasScannedForEncodings = 0;
			knownRegions = (
				en,
				Base,
			);
			mainGroup = 39ED074927C6E9C0003ED7EE;
			productRefGroup = 39ED075327C6E9C0003ED7EE /* Products */;
			projectDirPath = "";
			projectRoot = "";
			targets = (
				39ED075127C6E9C0003ED7EE /* Week4ProtocolAndDelegate */,
			);
		};
/* End PBXProject section */

/* Begin PBXResourcesBuildPhase section */
		39ED075027C6E9C0003ED7EE /* Resources */ = {
			isa = PBXResourcesBuildPhase;
			buildActionMask = 2147483647;
			files = (
				39ED076227C6E9C1003ED7EE /* LaunchScreen.storyboard in Resources */,
				39ED075F27C6E9C1003ED7EE /* Assets.xcassets in Resources */,
				39ED075D27C6E9C0003ED7EE /* Main.storyboard in Resources */,
			);
			runOnlyForDeploymentPostprocessing = 0;
		};
/* End PBXResourcesBuildPhase section */

/* Begin PBXSourcesBuildPhase section */
		39ED074E27C6E9C0003ED7EE /* Sources */ = {
			isa = PBXSourcesBuildPhase;
			buildActionMask = 2147483647;
			files = (
				39ED075A27C6E9C0003ED7EE /* ViewController.swift in Sources */,
				39ED075627C6E9C0003ED7EE /* AppDelegate.swift in Sources */,
				39ED076A27C6EE5B003ED7EE /* GetNameViewController.swift in Sources */,
				39ED075827C6E9C0003ED7EE /* SceneDelegate.swift in Sources */,
			);
			runOnlyForDeploymentPostprocessing = 0;
		};
/* End PBXSourcesBuildPhase section */

/* Begin PBXVariantGroup section */
		39ED075B27C6E9C0003ED7EE /* Main.storyboard */ = {
			isa = PBXVariantGroup;
			children = (
				39ED075C27C6E9C0003ED7EE /* Base */,
			);
			name = Main.storyboard;
			sourceTree = "<group>";
		};
		39ED076027C6E9C1003ED7EE /* LaunchScreen.storyboard */ = {
			isa = PBXVariantGroup;
			children = (
				39ED076127C6E9C1003ED7EE /* Base */,
			);
			name = LaunchScreen.storyboard;
			sourceTree = "<group>";
		};
/* End PBXVariantGroup section */

/* Begin XCBuildConfiguration section */
		39ED076427C6E9C1003ED7EE /* Debug */ = {
			isa = XCBuildConfiguration;
			buildSettings = {
				ALWAYS_SEARCH_USER_PATHS = NO;
				CLANG_ANALYZER_NONNULL = YES;
				CLANG_ANALYZER_NUMBER_OBJECT_CONVERSION = YES_AGGRESSIVE;
				CLANG_CXX_LANGUAGE_STANDARD = "gnu++17";
				CLANG_CXX_LIBRARY = "libc++";
				CLANG_ENABLE_MODULES = YES;
				CLANG_ENABLE_OBJC_ARC = YES;
				CLANG_ENABLE_OBJC_WEAK = YES;
				CLANG_WARN_BLOCK_CAPTURE_AUTORELEASING = YES;
				CLANG_WARN_BOOL_CONVERSION = YES;
				CLANG_WARN_COMMA = YES;
				CLANG_WARN_CONSTANT_CONVERSION = YES;
				CLANG_WARN_DEPRECATED_OBJC_IMPLEMENTATIONS = YES;
				CLANG_WARN_DIRECT_OBJC_ISA_USAGE = YES_ERROR;
				CLANG_WARN_DOCUMENTATION_COMMENTS = YES;
				CLANG_WARN_EMPTY_BODY = YES;
				CLANG_WARN_ENUM_CONVERSION = YES;
				CLANG_WARN_INFINITE_RECURSION = YES;
				CLANG_WARN_INT_CONVERSION = YES;
				CLANG_WARN_NON_LITERAL_NULL_CONVERSION = YES;
				CLANG_WARN_OBJC_IMPLICIT_RETAIN_SELF = YES;
				CLANG_WARN_OBJC_LITERAL_CONVERSION = YES;
				CLANG_WARN_OBJC_ROOT_CLASS = YES_ERROR;
				CLANG_WARN_QUOTED_INCLUDE_IN_FRAMEWORK_HEADER = YES;
				CLANG_WARN_RANGE_LOOP_ANALYSIS = YES;
				CLANG_WARN_STRICT_PROTOTYPES = YES;
				CLANG_WARN_SUSPICIOUS_MOVE = YES;
				CLANG_WARN_UNGUARDED_AVAILABILITY = YES_AGGRESSIVE;
				CLANG_WARN_UNREACHABLE_CODE = YES;
				CLANG_WARN__DUPLICATE_METHOD_MATCH = YES;
				COPY_PHASE_STRIP = NO;
				DEBUG_INFORMATION_FORMAT = dwarf;
				ENABLE_STRICT_OBJC_MSGSEND = YES;
				ENABLE_TESTABILITY = YES;
				GCC_C_LANGUAGE_STANDARD = gnu11;
				GCC_DYNAMIC_NO_PIC = NO;
				GCC_NO_COMMON_BLOCKS = YES;
				GCC_OPTIMIZATION_LEVEL = 0;
				GCC_PREPROCESSOR_DEFINITIONS = (
					"DEBUG=1",
					"$(inherited)",
				);
				GCC_WARN_64_TO_32_BIT_CONVERSION = YES;
				GCC_WARN_ABOUT_RETURN_TYPE = YES_ERROR;
				GCC_WARN_UNDECLARED_SELECTOR = YES;
				GCC_WARN_UNINITIALIZED_AUTOS = YES_AGGRESSIVE;
				GCC_WARN_UNUSED_FUNCTION = YES;
				GCC_WARN_UNUSED_VARIABLE = YES;
				IPHONEOS_DEPLOYMENT_TARGET = 15.2;
				MTL_ENABLE_DEBUG_INFO = INCLUDE_SOURCE;
				MTL_FAST_MATH = YES;
				ONLY_ACTIVE_ARCH = YES;
				SDKROOT = iphoneos;
				SWIFT_ACTIVE_COMPILATION_CONDITIONS = DEBUG;
				SWIFT_OPTIMIZATION_LEVEL = "-Onone";
			};
			name = Debug;
		};
		39ED076527C6E9C1003ED7EE /* Release */ = {
			isa = XCBuildConfiguration;
			buildSettings = {
				ALWAYS_SEARCH_USER_PATHS = NO;
				CLANG_ANALYZER_NONNULL = YES;
				CLANG_ANALYZER_NUMBER_OBJECT_CONVERSION = YES_AGGRESSIVE;
				CLANG_CXX_LANGUAGE_STANDARD = "gnu++17";
				CLANG_CXX_LIBRARY = "libc++";
				CLANG_ENABLE_MODULES = YES;
				CLANG_ENABLE_OBJC_ARC = YES;
				CLANG_ENABLE_OBJC_WEAK = YES;
				CLANG_WARN_BLOCK_CAPTURE_AUTORELEASING = YES;
				CLANG_WARN_BOOL_CONVERSION = YES;
				CLANG_WARN_COMMA = YES;
				CLANG_WARN_CONSTANT_CONVERSION = YES;
				CLANG_WARN_DEPRECATED_OBJC_IMPLEMENTATIONS = YES;
				CLANG_WARN_DIRECT_OBJC_ISA_USAGE = YES_ERROR;
				CLANG_WARN_DOCUMENTATION_COMMENTS = YES;
				CLANG_WARN_EMPTY_BODY = YES;
				CLANG_WARN_ENUM_CONVERSION = YES;
				CLANG_WARN_INFINITE_RECURSION = YES;
				CLANG_WARN_INT_CONVERSION = YES;
				CLANG_WARN_NON_LITERAL_NULL_CONVERSION = YES;
				CLANG_WARN_OBJC_IMPLICIT_RETAIN_SELF = YES;
				CLANG_WARN_OBJC_LITERAL_CONVERSION = YES;
				CLANG_WARN_OBJC_ROOT_CLASS = YES_ERROR;
				CLANG_WARN_QUOTED_INCLUDE_IN_FRAMEWORK_HEADER = YES;
				CLANG_WARN_RANGE_LOOP_ANALYSIS = YES;
				CLANG_WARN_STRICT_PROTOTYPES = YES;
				CLANG_WARN_SUSPICIOUS_MOVE = YES;
				CLANG_WARN_UNGUARDED_AVAILABILITY = YES_AGGRESSIVE;
				CLANG_WARN_UNREACHABLE_CODE = YES;
				CLANG_WARN__DUPLICATE_METHOD_MATCH = YES;
				COPY_PHASE_STRIP = NO;
				DEBUG_INFORMATION_FORMAT = "dwarf-with-dsym";
				ENABLE_NS_ASSERTIONS = NO;
				ENABLE_STRICT_OBJC_MSGSEND = YES;
				GCC_C_LANGUAGE_STANDARD = gnu11;
				GCC_NO_COMMON_BLOCKS = YES;
				GCC_WARN_64_TO_32_BIT_CONVERSION = YES;
				GCC_WARN_ABOUT_RETURN_TYPE = YES_ERROR;
				GCC_WARN_UNDECLARED_SELECTOR = YES;
				GCC_WARN_UNINITIALIZED_AUTOS = YES_AGGRESSIVE;
				GCC_WARN_UNUSED_FUNCTION = YES;
				GCC_WARN_UNUSED_VARIABLE = YES;
				IPHONEOS_DEPLOYMENT_TARGET = 15.2;
				MTL_ENABLE_DEBUG_INFO = NO;
				MTL_FAST_MATH = YES;
				SDKROOT = iphoneos;
				SWIFT_COMPILATION_MODE = wholemodule;
				SWIFT_OPTIMIZATION_LEVEL = "-O";
				VALIDATE_PRODUCT = YES;
			};
			name = Release;
		};
		39ED076727C6E9C1003ED7EE /* Debug */ = {
			isa = XCBuildConfiguration;
			buildSettings = {
				ASSETCATALOG_COMPILER_APPICON_NAME = AppIcon;
				ASSETCATALOG_COMPILER_GLOBAL_ACCENT_COLOR_NAME = AccentColor;
				CODE_SIGN_STYLE = Automatic;
				CURRENT_PROJECT_VERSION = 1;
				DEVELOPMENT_TEAM = 6KL36PA9L3;
				GENERATE_INFOPLIST_FILE = YES;
				INFOPLIST_FILE = Week4ProtocolAndDelegate/Info.plist;
				INFOPLIST_KEY_UIApplicationSupportsIndirectInputEvents = YES;
				INFOPLIST_KEY_UILaunchStoryboardName = LaunchScreen;
				INFOPLIST_KEY_UIMainStoryboardFile = Main;
				INFOPLIST_KEY_UISupportedInterfaceOrientations_iPad = "UIInterfaceOrientationPortrait UIInterfaceOrientationPortraitUpsideDown UIInterfaceOrientationLandscapeLeft UIInterfaceOrientationLandscapeRight";
				INFOPLIST_KEY_UISupportedInterfaceOrientations_iPhone = "UIInterfaceOrientationPortrait UIInterfaceOrientationLandscapeLeft UIInterfaceOrientationLandscapeRight";
				LD_RUNPATH_SEARCH_PATHS = (
					"$(inherited)",
					"@executable_path/Frameworks",
				);
				MARKETING_VERSION = 1.0;
				PRODUCT_BUNDLE_IDENTIFIER = "edu.northeastern.shaolong-feng.Week4ProtocolAndDelegate";
				PRODUCT_NAME = "$(TARGET_NAME)";
				SWIFT_EMIT_LOC_STRINGS = YES;
				SWIFT_VERSION = 5.0;
				TARGETED_DEVICE_FAMILY = "1,2";
			};
			name = Debug;
		};
		39ED076827C6E9C1003ED7EE /* Release */ = {
			isa = XCBuildConfiguration;
			buildSettings = {
				ASSETCATALOG_COMPILER_APPICON_NAME = AppIcon;
				ASSETCATALOG_COMPILER_GLOBAL_ACCENT_COLOR_NAME = AccentColor;
				CODE_SIGN_STYLE = Automatic;
				CURRENT_PROJECT_VERSION = 1;
				DEVELOPMENT_TEAM = 6KL36PA9L3;
				GENERATE_INFOPLIST_FILE = YES;
				INFOPLIST_FILE = Week4ProtocolAndDelegate/Info.plist;
				INFOPLIST_KEY_UIApplicationSupportsIndirectInputEvents = YES;
				INFOPLIST_KEY_UILaunchStoryboardName = LaunchScreen;
				INFOPLIST_KEY_UIMainStoryboardFile = Main;
				INFOPLIST_KEY_UISupportedInterfaceOrientations_iPad = "UIInterfaceOrientationPortrait UIInterfaceOrientationPortraitUpsideDown UIInterfaceOrientationLandscapeLeft UIInterfaceOrientationLandscapeRight";
				INFOPLIST_KEY_UISupportedInterfaceOrientations_iPhone = "UIInterfaceOrientationPortrait UIInterfaceOrientationLandscapeLeft UIInterfaceOrientationLandscapeRight";
				LD_RUNPATH_SEARCH_PATHS = (
					"$(inherited)",
					"@executable_path/Frameworks",
				);
				MARKETING_VERSION = 1.0;
				PRODUCT_BUNDLE_IDENTIFIER = "edu.northeastern.shaolong-feng.Week4ProtocolAndDelegate";
				PRODUCT_NAME = "$(TARGET_NAME)";
				SWIFT_EMIT_LOC_STRINGS = YES;
				SWIFT_VERSION = 5.0;
				TARGETED_DEVICE_FAMILY = "1,2";
			};
			name = Release;
		};
/* End XCBuildConfiguration section */

/* Begin XCConfigurationList section */
		39ED074D27C6E9C0003ED7EE /* Build configuration list for PBXProject "Week4ProtocolAndDelegate" */ = {
			isa = XCConfigurationList;
			buildConfigurations = (
				39ED076427C6E9C1003ED7EE /* Debug */,
				39ED076527C6E9C1003ED7EE /* Release */,
			);
			defaultConfigurationIsVisible = 0;
			defaultConfigurationName = Release;
		};
		39ED076627C6E9C1003ED7EE /* Build configuration list for PBXNativeTarget "Week4ProtocolAndDelegate" */ = {
			isa = XCConfigurationList;
			buildConfigurations = (
				39ED076727C6E9C1003ED7EE /* Debug */,
				39ED076827C6E9C1003ED7EE /* Release */,
			);
			defaultConfigurationIsVisible = 0;
			defaultConfigurationName = Release;
		};
/* End XCConfigurationList section */
	};
	rootObject = 39ED074A27C6E9C0003ED7EE /* Project object */;
}
